DEPENDENCIES
  workstation
    path: .
    metadata: true

GRAPH
  apt (6.0.1)
  ark (2.2.1)
    build-essential (>= 0.0.0)
    seven_zip (>= 0.0.0)
    windows (>= 0.0.0)
  build-essential (8.0.0)
    mingw (>= 1.1)
    seven_zip (>= 0.0.0)
  chef_gem (0.1.0)
  chef_handler (2.1.0)
  chrome (2.0.1)
    apt (>= 4.0)
    dmg (>= 3.0)
    yum (>= 4.0)
  chromedriver (2.0.0)
  compat_resource (12.16.3)
  dmg (3.1.0)
  docker (2.13.11)
    compat_resource (>= 12.16.2)
  ghostdriver (1.1.0)
    nssm (~> 1.0)
    phantomjs2 (~> 1.0)
    windows (~> 1.0)
  git (5.0.2)
    build-essential (>= 0.0.0)
    dmg (>= 0.0.0)
    yum-epel (>= 0.0.0)
  homebrew (3.0.0)
  java (1.43.0)
    apt (>= 0.0.0)
    homebrew (>= 0.0.0)
    windows (>= 0.0.0)
  macosx_autologin (3.0.0)
  maven (4.0.1)
    ark (>= 1.0)
    java (>= 1.38)
  mingw (2.0.0)
    seven_zip (>= 0.0.0)
  nssm (1.2.1)
    windows (~> 1.0)
  nvm (0.1.7)
    build-essential (>= 0.0.0)
    git (>= 0.0.0)
  phantomjs2 (1.1.0)
  rvm (0.9.4)
    chef_gem (>= 0.0.0)
    java (>= 0.0.0)
  selenium (3.7.4)
    macosx_autologin (~> 3.0)
    nssm (~> 1.2)
    windows (~> 1.0)
  seven_zip (2.0.2)
    windows (>= 1.2.2)
  vagrant (0.7.0)
    dmg (>= 2.2.2)
    windows (>= 1.38)
  windows (1.44.3)
    chef_handler (>= 0.0.0)
  workstation (0.1.0)
    chrome (~> 2.0.0)
    chromedriver (~> 2.0.0)
    docker (~> 2.13.0)
    ghostdriver (~> 1.1.0)
    git (~> 5.0.1)
    java (~> 1.43.0)
    maven (~> 4.0.1)
    nvm (~> 0.1.7)
    phantomjs2 (~> 1.1.0)
    rvm (~> 0.9.4)
    selenium (~> 3.7.4)
    vagrant (~> 0.7.0)
  yum (5.0.0)
  yum-epel (2.1.1)
    compat_resource (>= 12.16.3)
